
Microsoft Visual Studio Solution File, Format Version 12.00
# Visual Studio Version 17
VisualStudioVersion = 17.8.34330.188
MinimumVisualStudioVersion = 10.0.40219.1
Project("{FAE04EC0-301F-11D3-BF4B-00C04F79EFBC}") = "Exploro App", "Exploro App.csproj", "{B0827D34-DFFB-42FA-884F-150D787A48FB}"
EndProject
Global
	GlobalSection(SolutionConfigurationPlatforms) = preSolution
		Debug|Any CPU = Debug|Any CPU
		Release|Any CPU = Release|Any CPU
	EndGlobalSection
	GlobalSection(ProjectConfigurationPlatforms) = postSolution
		{B0827D34-DFFB-42FA-884F-150D787A48FB}.Debug|Any CPU.ActiveCfg = Debug|Any CPU
		{B0827D34-DFFB-42FA-884F-150D787A48FB}.Debug|Any CPU.Build.0 = Debug|Any CPU
		{B0827D34-DFFB-42FA-884F-150D787A48FB}.Release|Any CPU.ActiveCfg = Release|Any CPU
		{B0827D34-DFFB-42FA-884F-150D787A48FB}.Release|Any CPU.Build.0 = Release|Any CPU
	EndGlobalSection
	GlobalSection(SolutionProperties) = preSolution
		HideSolutionNode = FALSE
	EndGlobalSection
	GlobalSection(ExtensibilityGlobals) = postSolution
		SolutionGuid = {132398A5-D418-4465-8230-8B609C28CCDB}
	EndGlobalSection
EndGlobal
